
Microsoft Visual Studio Solution File, Format Version 12.00
# Visual Studio Version 17
VisualStudioVersion = 17.9.34902.65
MinimumVisualStudioVersion = 10.0.40219.1
Project("{FAE04EC0-301F-11D3-BF4B-00C04F79EFBC}") = "IdentityUser", "IdentityUser.csproj", "{D363C600-D0CF-4EC1-9FAD-90B2095CF9D6}"
EndProject
Global
	GlobalSection(SolutionConfigurationPlatforms) = preSolution
		Debug|Any CPU = Debug|Any CPU
		Release|Any CPU = Release|Any CPU
	EndGlobalSection
	GlobalSection(ProjectConfigurationPlatforms) = postSolution
		{D363C600-D0CF-4EC1-9FAD-90B2095CF9D6}.Debug|Any CPU.ActiveCfg = Debug|Any CPU
		{D363C600-D0CF-4EC1-9FAD-90B2095CF9D6}.Debug|Any CPU.Build.0 = Debug|Any CPU
		{D363C600-D0CF-4EC1-9FAD-90B2095CF9D6}.Release|Any CPU.ActiveCfg = Release|Any CPU
		{D363C600-D0CF-4EC1-9FAD-90B2095CF9D6}.Release|Any CPU.Build.0 = Release|Any CPU
	EndGlobalSection
	GlobalSection(SolutionProperties) = preSolution
		HideSolutionNode = FALSE
	EndGlobalSection
	GlobalSection(ExtensibilityGlobals) = postSolution
		SolutionGuid = {BF8A1E28-AE01-4861-A75F-710349A7B3E2}
	EndGlobalSection
EndGlobal
